github.com/Lednerb/bilberry-hugo-theme/v3 v3.0.0/go.mod h1:QnIkFTYjI2YRHYaLvuz5apvw9BRvodWTZVKCn0tgdn0=
github.com/Lednerb/bilberry-hugo-theme/v3 v3.1.0 h1:W2hLxtRaqK1xP/soMrsE35tpeyEvzqC5oklKoGBvYQ8=
github.com/Lednerb/bilberry-hugo-theme/v3 v3.1.0/go.mod h1:QnIkFTYjI2YRHYaLvuz5apvw9BRvodWTZVKCn0tgdn0=
