github.com/Lednerb/bilberry-hugo-theme v2.10.0+incompatible h1:0vBlHBnhv5zUAAT2LHyssFcOR1tFMoHi69xxaV5aflo=
github.com/Lednerb/bilberry-hugo-theme/v3 v3.0.0 h1:TSIwEvsRw8/RpS/gUZfOnFPxSXwHBkEPGMBsFHRN75c=
github.com/Lednerb/bilberry-hugo-theme/v3 v3.0.0/go.mod h1:QnIkFTYjI2YRHYaLvuz5apvw9BRvodWTZVKCn0tgdn0=
